
Microsoft Visual Studio Solution File, Format Version 12.00
# Visual Studio 15
VisualStudioVersion = 15.0.26730.3
MinimumVisualStudioVersion = 10.0.40219.1
Project("{9A19103F-16F7-4668-BE54-9A1E7A4F7556}") = "MicroRuleEngine", "MicroRuleEngine\MicroRuleEngine.csproj", "{FF5BD3FF-53CC-4856-A1E4-93947A172328}"
EndProject
Project("{FAE04EC0-301F-11D3-BF4B-00C04F79EFBC}") = "RulesEngineTest", "MicroRuleEngine.Tests\RulesEngineTest.csproj", "{5EDF28F4-211A-4469-B227-00AE7F53EA2D}"
EndProject
Global
	GlobalSection(SolutionConfigurationPlatforms) = preSolution
		Debug|Any CPU = Debug|Any CPU
		Release|Any CPU = Release|Any CPU
	EndGlobalSection
	GlobalSection(ProjectConfigurationPlatforms) = postSolution
		{FF5BD3FF-53CC-4856-A1E4-93947A172328}.Debug|Any CPU.ActiveCfg = Debug|Any CPU
		{FF5BD3FF-53CC-4856-A1E4-93947A172328}.Debug|Any CPU.Build.0 = Debug|Any CPU
		{FF5BD3FF-53CC-4856-A1E4-93947A172328}.Release|Any CPU.ActiveCfg = Release|Any CPU
		{FF5BD3FF-53CC-4856-A1E4-93947A172328}.Release|Any CPU.Build.0 = Release|Any CPU
		{5EDF28F4-211A-4469-B227-00AE7F53EA2D}.Debug|Any CPU.ActiveCfg = Debug|Any CPU
		{5EDF28F4-211A-4469-B227-00AE7F53EA2D}.Debug|Any CPU.Build.0 = Debug|Any CPU
		{5EDF28F4-211A-4469-B227-00AE7F53EA2D}.Release|Any CPU.ActiveCfg = Release|Any CPU
		{5EDF28F4-211A-4469-B227-00AE7F53EA2D}.Release|Any CPU.Build.0 = Release|Any CPU
	EndGlobalSection
	GlobalSection(SolutionProperties) = preSolution
		HideSolutionNode = FALSE
	EndGlobalSection
	GlobalSection(ExtensibilityGlobals) = postSolution
		SolutionGuid = {EA3B813B-5B84-464A-A374-2ECE7F89E57B}
	EndGlobalSection
EndGlobal
